Microsoft Visual Studio Solution File, Format Version 12.00
# Visual Studio Version 17
VisualStudioVersion = 17.5.2.0
MinimumVisualStudioVersion = 10.0.40219.1
Project("{FAE04EC0-301F-11D3-BF4B-00C04F79EFBC}") = ".netMVC", ".netMVC\.netMVC.csproj", "{065624C6-6EA7-25E8-AFDA-D52FAAD6492A}"
EndProject
Global
	GlobalSection(SolutionConfigurationPlatforms) = preSolution
		Debug|Any CPU = Debug|Any CPU
		Release|Any CPU = Release|Any CPU
	EndGlobalSection
	GlobalSection(ProjectConfigurationPlatforms) = postSolution
		{065624C6-6EA7-25E8-AFDA-D52FAAD6492A}.Debug|Any CPU.ActiveCfg = Debug|Any CPU
		{065624C6-6EA7-25E8-AFDA-D52FAAD6492A}.Debug|Any CPU.Build.0 = Debug|Any CPU
		{065624C6-6EA7-25E8-AFDA-D52FAAD6492A}.Release|Any CPU.ActiveCfg = Release|Any CPU
		{065624C6-6EA7-25E8-AFDA-D52FAAD6492A}.Release|Any CPU.Build.0 = Release|Any CPU
	EndGlobalSection
	GlobalSection(SolutionProperties) = preSolution
		HideSolutionNode = FALSE
	EndGlobalSection
	GlobalSection(ExtensibilityGlobals) = postSolution
		SolutionGuid = {CCD2F0E0-8430-4779-A585-43EFF2CC07A2}
	EndGlobalSection
EndGlobal
